
Microsoft Visual Studio Solution File, Format Version 12.00
# Visual Studio Version 16
VisualStudioVersion = 25.0.1706.7
MinimumVisualStudioVersion = 10.0.40219.1
Project("{FAE04EC0-301F-11D3-BF4B-00C04F79EFBC}") = "CareerWebApp.Models", "CareerWebApp.Models.csproj", "{C81281BD-78E2-4825-9185-ED5F2177AEB3}"
EndProject
Global
	GlobalSection(SolutionConfigurationPlatforms) = preSolution
		Debug|Any CPU = Debug|Any CPU
		Release|Any CPU = Release|Any CPU
	EndGlobalSection
	GlobalSection(ProjectConfigurationPlatforms) = postSolution
		{C81281BD-78E2-4825-9185-ED5F2177AEB3}.Debug|Any CPU.ActiveCfg = Debug|Any CPU
		{C81281BD-78E2-4825-9185-ED5F2177AEB3}.Debug|Any CPU.Build.0 = Debug|Any CPU
		{C81281BD-78E2-4825-9185-ED5F2177AEB3}.Release|Any CPU.ActiveCfg = Release|Any CPU
		{C81281BD-78E2-4825-9185-ED5F2177AEB3}.Release|Any CPU.Build.0 = Release|Any CPU
	EndGlobalSection
	GlobalSection(SolutionProperties) = preSolution
		HideSolutionNode = FALSE
	EndGlobalSection
	GlobalSection(ExtensibilityGlobals) = postSolution
		SolutionGuid = {23CEDE11-080E-40E8-BF41-07EA8DE2F03C}
	EndGlobalSection
EndGlobal
