
Microsoft Visual Studio Solution File, Format Version 12.00
# Visual Studio Version 16
VisualStudioVersion = 25.0.1706.6
MinimumVisualStudioVersion = 10.0.40219.1
Project("{FAE04EC0-301F-11D3-BF4B-00C04F79EFBC}") = "CareerWebApp.UI", "CareerWebApp.UI\CareerWebApp.UI.csproj", "{535F8F75-80B6-44A7-9115-4E059065C4F5}"
EndProject
Project("{FAE04EC0-301F-11D3-BF4B-00C04F79EFBC}") = "CareerWebApp.Models", "CareerWebApp.Models\CareerWebApp.Models.csproj", "{56A94845-F420-42C5-9547-EE3CB1FA7923}"
EndProject
Project("{FAE04EC0-301F-11D3-BF4B-00C04F79EFBC}") = "CareerWebApp.API", "CareerWebApp.API\CareerWebApp.API.csproj", "{CC9F7117-5D75-41D1-AE09-FE7FCA2FEE12}"
EndProject
Global
	GlobalSection(SolutionConfigurationPlatforms) = preSolution
		Debug|Any CPU = Debug|Any CPU
		Release|Any CPU = Release|Any CPU
	EndGlobalSection
	GlobalSection(ProjectConfigurationPlatforms) = postSolution
		{535F8F75-80B6-44A7-9115-4E059065C4F5}.Debug|Any CPU.ActiveCfg = Debug|Any CPU
		{535F8F75-80B6-44A7-9115-4E059065C4F5}.Debug|Any CPU.Build.0 = Debug|Any CPU
		{535F8F75-80B6-44A7-9115-4E059065C4F5}.Release|Any CPU.ActiveCfg = Release|Any CPU
		{535F8F75-80B6-44A7-9115-4E059065C4F5}.Release|Any CPU.Build.0 = Release|Any CPU
		{56A94845-F420-42C5-9547-EE3CB1FA7923}.Debug|Any CPU.ActiveCfg = Debug|Any CPU
		{56A94845-F420-42C5-9547-EE3CB1FA7923}.Debug|Any CPU.Build.0 = Debug|Any CPU
		{56A94845-F420-42C5-9547-EE3CB1FA7923}.Release|Any CPU.ActiveCfg = Release|Any CPU
		{56A94845-F420-42C5-9547-EE3CB1FA7923}.Release|Any CPU.Build.0 = Release|Any CPU
		{CC9F7117-5D75-41D1-AE09-FE7FCA2FEE12}.Debug|Any CPU.ActiveCfg = Debug|Any CPU
		{CC9F7117-5D75-41D1-AE09-FE7FCA2FEE12}.Debug|Any CPU.Build.0 = Debug|Any CPU
		{CC9F7117-5D75-41D1-AE09-FE7FCA2FEE12}.Release|Any CPU.ActiveCfg = Release|Any CPU
		{CC9F7117-5D75-41D1-AE09-FE7FCA2FEE12}.Release|Any CPU.Build.0 = Release|Any CPU
	EndGlobalSection
	GlobalSection(SolutionProperties) = preSolution
		HideSolutionNode = FALSE
	EndGlobalSection
	GlobalSection(ExtensibilityGlobals) = postSolution
		SolutionGuid = {C8E9FFBF-9FDF-4C2F-854B-3C299200C2E0}
	EndGlobalSection
EndGlobal
